
Microsoft Visual Studio Solution File, Format Version 12.00
# Visual Studio 14
VisualStudioVersion = 14.0.24720.0
MinimumVisualStudioVersion = 10.0.40219.1
Project("{FAE04EC0-301F-11D3-BF4B-00C04F79EFBC}") = "Building Blocks Library", "Building Blocks Library\Building Blocks Library.csproj", "{ABE9F3B2-908C-41FE-867D-45C625DC5CB7}"
EndProject
Project("{2150E333-8FDC-42A3-9474-1A3956D46DE8}") = "Library", "Library", "{65E3A7D1-A36B-4A56-BD3A-D4CC73346E32}"
EndProject
Project("{2150E333-8FDC-42A3-9474-1A3956D46DE8}") = "Client", "Client", "{657ABDAA-452C-486B-B28A-9DDBFEC261C7}"
EndProject
Project("{FAE04EC0-301F-11D3-BF4B-00C04F79EFBC}") = "Building Blocks Console App", "Building Blocks Console App\Building Blocks Console App.csproj", "{48FB7793-BA1F-42B9-837C-36210EC686EE}"
EndProject
Global
	GlobalSection(SolutionConfigurationPlatforms) = preSolution
		Debug|Any CPU = Debug|Any CPU
		Release|Any CPU = Release|Any CPU
	EndGlobalSection
	GlobalSection(ProjectConfigurationPlatforms) = postSolution
		{ABE9F3B2-908C-41FE-867D-45C625DC5CB7}.Debug|Any CPU.ActiveCfg = Debug|Any CPU
		{ABE9F3B2-908C-41FE-867D-45C625DC5CB7}.Debug|Any CPU.Build.0 = Debug|Any CPU
		{ABE9F3B2-908C-41FE-867D-45C625DC5CB7}.Release|Any CPU.ActiveCfg = Release|Any CPU
		{ABE9F3B2-908C-41FE-867D-45C625DC5CB7}.Release|Any CPU.Build.0 = Release|Any CPU
		{48FB7793-BA1F-42B9-837C-36210EC686EE}.Debug|Any CPU.ActiveCfg = Debug|Any CPU
		{48FB7793-BA1F-42B9-837C-36210EC686EE}.Debug|Any CPU.Build.0 = Debug|Any CPU
		{48FB7793-BA1F-42B9-837C-36210EC686EE}.Release|Any CPU.ActiveCfg = Release|Any CPU
		{48FB7793-BA1F-42B9-837C-36210EC686EE}.Release|Any CPU.Build.0 = Release|Any CPU
	EndGlobalSection
	GlobalSection(SolutionProperties) = preSolution
		HideSolutionNode = FALSE
	EndGlobalSection
	GlobalSection(NestedProjects) = preSolution
		{ABE9F3B2-908C-41FE-867D-45C625DC5CB7} = {65E3A7D1-A36B-4A56-BD3A-D4CC73346E32}
		{48FB7793-BA1F-42B9-837C-36210EC686EE} = {657ABDAA-452C-486B-B28A-9DDBFEC261C7}
	EndGlobalSection
EndGlobal
